
Microsoft Visual Studio Solution File, Format Version 12.00
# Visual Studio Version 17
VisualStudioVersion = 17.8.34309.116
MinimumVisualStudioVersion = 10.0.40219.1
Project("{FAE04EC0-301F-11D3-BF4B-00C04F79EFBC}") = "HotelReservationSystem", "HotelReservationSystem\HotelReservationSystem.csproj", "{010F4160-2404-4283-99EB-CC88BEE5A81F}"
EndProject
Global
	GlobalSection(SolutionConfigurationPlatforms) = preSolution
		Debug|Any CPU = Debug|Any CPU
		Release|Any CPU = Release|Any CPU
	EndGlobalSection
	GlobalSection(ProjectConfigurationPlatforms) = postSolution
		{010F4160-2404-4283-99EB-CC88BEE5A81F}.Debug|Any CPU.ActiveCfg = Debug|Any CPU
		{010F4160-2404-4283-99EB-CC88BEE5A81F}.Debug|Any CPU.Build.0 = Debug|Any CPU
		{010F4160-2404-4283-99EB-CC88BEE5A81F}.Release|Any CPU.ActiveCfg = Release|Any CPU
		{010F4160-2404-4283-99EB-CC88BEE5A81F}.Release|Any CPU.Build.0 = Release|Any CPU
	EndGlobalSection
	GlobalSection(SolutionProperties) = preSolution
		HideSolutionNode = FALSE
	EndGlobalSection
	GlobalSection(ExtensibilityGlobals) = postSolution
		SolutionGuid = {2D37CEAF-6CC8-470E-A747-F06DE4D4B12A}
	EndGlobalSection
EndGlobal
